PODS:
  - Alamofire (4.5.0)
  - AlamofireImage (3.2.0):
    - Alamofire (~> 4.1)
  - Nimble (7.0.1)
  - ObjectMapper (2.2.7)
  - Quick (1.1.0)
  - SnapKit (3.2.0)
  - UIScrollView-InfiniteScroll (1.0.1)

DEPENDENCIES:
  - Alamofire
  - AlamofireImage
  - Nimble
  - ObjectMapper
  - Quick
  - SnapKit
  - UIScrollView-InfiniteScroll

SPEC CHECKSUMS:
  Alamofire: f28cdffd29de33a7bfa022cbd63ae95a27fae140
  AlamofireImage: 157ed682cc81d3b9db4fb90c1f12180ac552d93b
  Nimble: 657d000e11df8aebe27cdaf9d244de7f30ed87f7
  ObjectMapper: 65abcfd9a61cf7396cbd14a4fb22fddfcc46577e
  Quick: dafc587e21eed9f4cab3249b9f9015b0b7a7f71d
  SnapKit: 1ca44df72cfa543218d177cb8aab029d10d86ea7
  UIScrollView-InfiniteScroll: a90df4ba4a7ca1926128ade34a850ddbdf74c564

PODFILE CHECKSUM: 943a72aee7a869948cf8a930cf875b6a83eade26

COCOAPODS: 1.2.1
