// !$*UTF8*$!
{
	archiveVersion = 1;
	classes = {
	};
	objectVersion = 46;
	objects = {

/* Begin PBXBuildFile section */
		38909F899B020C568350B579 /* Pods_BrejasUITests.framework in Frameworks */ = {isa = PBXBuildFile; fileRef = ADEAD91AFD6812BB526EA1E0 /* Pods_BrejasUITests.framework */; };
		6B4B8736207CFB2D00815A03 /* BeerClient.swift in Sources */ = {isa = PBXBuildFile; fileRef = 6B4B8735207CFB2D00815A03 /* BeerClient.swift */; };
		6B4B8738207CFB5500815A03 /* RequestHandler.swift in Sources */ = {isa = PBXBuildFile; fileRef = 6B4B8737207CFB5500815A03 /* RequestHandler.swift */; };
		6B4B873A207CFB8E00815A03 /* ApiRoutes.swift in Sources */ = {isa = PBXBuildFile; fileRef = 6B4B8739207CFB8E00815A03 /* ApiRoutes.swift */; };
		6B4B873F207FBD7C00815A03 /* Parser.swift in Sources */ = {isa = PBXBuildFile; fileRef = 6B4B873E207FBD7C00815A03 /* Parser.swift */; };
		6B4B8741207FC11500815A03 /* Result.swift in Sources */ = {isa = PBXBuildFile; fileRef = 6B4B8740207FC11500815A03 /* Result.swift */; };
		7B5222B11F067DC700F35368 /* AppDelegate.swift in Sources */ = {isa = PBXBuildFile; fileRef = 7B5222B01F067DC700F35368 /* AppDelegate.swift */; };
		7B5222B81F067DC700F35368 /* Assets.xcassets in Resources */ = {isa = PBXBuildFile; fileRef = 7B5222B71F067DC700F35368 /* Assets.xcassets */; };
		7B5222BB1F067DC700F35368 /* LaunchScreen.storyboard in Resources */ = {isa = PBXBuildFile; fileRef = 7B5222B91F067DC700F35368 /* LaunchScreen.storyboard */; };
		7B5222D11F067DC800F35368 /* BrejasUITests.swift in Sources */ = {isa = PBXBuildFile; fileRef = 7B5222D01F067DC800F35368 /* BrejasUITests.swift */; };
		7B5222ED1F068A7300F35368 /* ViewCodingProtocol.swift in Sources */ = {isa = PBXBuildFile; fileRef = 7B5222EC1F068A7300F35368 /* ViewCodingProtocol.swift */; };
		7BB02AF71F09C5A300136EA1 /* BeerMock.json in Resources */ = {isa = PBXBuildFile; fileRef = 7BB02AF61F09C5A300136EA1 /* BeerMock.json */; };
		7BB02AF91F09C6A200136EA1 /* ErrorResultSpec.swift in Sources */ = {isa = PBXBuildFile; fileRef = 7BB02AF81F09C6A200136EA1 /* ErrorResultSpec.swift */; };
		7BB02AFB1F09C7A900136EA1 /* BeersCollectionViewDataSourceDelegateSpec.swift in Sources */ = {isa = PBXBuildFile; fileRef = 7BB02AFA1F09C7A900136EA1 /* BeersCollectionViewDataSourceDelegateSpec.swift */; };
		7BB02AFD1F09E79F00136EA1 /* BeersScreenBuilderSpec.swift in Sources */ = {isa = PBXBuildFile; fileRef = 7BB02AFC1F09E79F00136EA1 /* BeersScreenBuilderSpec.swift */; };
		7BB02AFF1F09EA1C00136EA1 /* BillListControllerSpec.swift in Sources */ = {isa = PBXBuildFile; fileRef = 7BB02AFE1F09EA1C00136EA1 /* BillListControllerSpec.swift */; };
		7BC169AD1F0693DB00E682DC /* ApiClient.swift in Sources */ = {isa = PBXBuildFile; fileRef = 7BC169AC1F0693DB00E682DC /* ApiClient.swift */; };
		7BC169B11F069A0B00E682DC /* BeerModel.swift in Sources */ = {isa = PBXBuildFile; fileRef = 7BC169B01F069A0B00E682DC /* BeerModel.swift */; };
		7BD402B61F093B73009C79E4 /* BeersListController.swift in Sources */ = {isa = PBXBuildFile; fileRef = 7BD402B51F093B73009C79E4 /* BeersListController.swift */; };
		7BD402B81F093C0C009C79E4 /* BeersCollectionViewDataSourceDelegate.swift in Sources */ = {isa = PBXBuildFile; fileRef = 7BD402B71F093C0C009C79E4 /* BeersCollectionViewDataSourceDelegate.swift */; };
		7BD402BA1F0940B2009C79E4 /* BeerCollectionViewCell.swift in Sources */ = {isa = PBXBuildFile; fileRef = 7BD402B91F0940B2009C79E4 /* BeerCollectionViewCell.swift */; };
		7BD402BC1F094E12009C79E4 /* BeersScreenBuilder.swift in Sources */ = {isa = PBXBuildFile; fileRef = 7BD402BB1F094E12009C79E4 /* BeersScreenBuilder.swift */; };
		7BD402BE1F095AAB009C79E4 /* EnvironmentSetting.swift in Sources */ = {isa = PBXBuildFile; fileRef = 7BD402BD1F095AAB009C79E4 /* EnvironmentSetting.swift */; };
		7BD402C31F096E5F009C79E4 /* LoadingView.swift in Sources */ = {isa = PBXBuildFile; fileRef = 7BD402C21F096E5F009C79E4 /* LoadingView.swift */; };
		7BD402C51F096FFD009C79E4 /* LoadingView+UIViewController.swift in Sources */ = {isa = PBXBuildFile; fileRef = 7BD402C41F096FFD009C79E4 /* LoadingView+UIViewController.swift */; };
		7BD402C61F0978B2009C79E4 /* BeersCollectionView.swift in Sources */ = {isa = PBXBuildFile; fileRef = 7BD402B31F093A8D009C79E4 /* BeersCollectionView.swift */; };
		7BD402C81F0979D8009C79E4 /* BeerDetailController.swift in Sources */ = {isa = PBXBuildFile; fileRef = 7BD402C71F0979D8009C79E4 /* BeerDetailController.swift */; };
		7BD402CA1F097B83009C79E4 /* BeerDetailView.swift in Sources */ = {isa = PBXBuildFile; fileRef = 7BD402C91F097B83009C79E4 /* BeerDetailView.swift */; };
		7BD402CC1F09A86F009C79E4 /* JsonHelper.swift in Sources */ = {isa = PBXBuildFile; fileRef = 7BD402CB1F09A86F009C79E4 /* JsonHelper.swift */; };
		7BD402CE1F09AAF3009C79E4 /* ResponseMock.json in Resources */ = {isa = PBXBuildFile; fileRef = 7BD402CD1F09AAF3009C79E4 /* ResponseMock.json */; };
		7BD402D01F09AC5E009C79E4 /* BeerModelSpec.swift in Sources */ = {isa = PBXBuildFile; fileRef = 7BD402CF1F09AC5E009C79E4 /* BeerModelSpec.swift */; };
		7BEE9D5B1F0A71DA00DF3F58 /* UIViewController+ErrorAlert.swift in Sources */ = {isa = PBXBuildFile; fileRef = 7BEE9D5A1F0A71DA00DF3F58 /* UIViewController+ErrorAlert.swift */; };
		7BEE9D5D1F0A760C00DF3F58 /* BeerDetailControllerSpec.swift in Sources */ = {isa = PBXBuildFile; fileRef = 7BEE9D5C1F0A760C00DF3F58 /* BeerDetailControllerSpec.swift */; };
		7EA177B8D393C63644DAF8B2 /* Pods_Brejas.framework in Frameworks */ = {isa = PBXBuildFile; fileRef = A76499128A593E651E4FBFFB /* Pods_Brejas.framework */; };
		EF3ED8B63AD3F201C767EF30 /* Pods_BrejasTests.framework in Frameworks */ = {isa = PBXBuildFile; fileRef = E48E37823CE9906F82BAA2CD /* Pods_BrejasTests.framework */; };
/* End PBXBuildFile section */

/* Begin PBXContainerItemProxy section */
		7B5222C21F067DC800F35368 /* PBXContainerItemProxy */ = {
			isa = PBXContainerItemProxy;
			containerPortal = 7B5222A51F067DC700F35368 /* Project object */;
			proxyType = 1;
			remoteGlobalIDString = 7B5222AC1F067DC700F35368;
			remoteInfo = Brejas;
		};
		7B5222CD1F067DC800F35368 /* PBXContainerItemProxy */ = {
			isa = PBXContainerItemProxy;
			containerPortal = 7B5222A51F067DC700F35368 /* Project object */;
			proxyType = 1;
			remoteGlobalIDString = 7B5222AC1F067DC700F35368;
			remoteInfo = Brejas;
		};
/* End PBXContainerItemProxy section */

/* Begin PBXFileReference section */
		0DA1C7685BC12222575EE3F4 /* Pods-BrejasUITests.release.xcconfig */ = {isa = PBXFileReference; includeInIndex = 1; lastKnownFileType = text.xcconfig; name = "Pods-BrejasUITests.release.xcconfig"; path = "Pods/Target Support Files/Pods-BrejasUITests/Pods-BrejasUITests.release.xcconfig"; sourceTree = "<group>"; };
		1FFC52D07078CF128EF76C56 /* Pods-BrejasTests.debug.xcconfig */ = {isa = PBXFileReference; includeInIndex = 1; lastKnownFileType = text.xcconfig; name = "Pods-BrejasTests.debug.xcconfig"; path = "Pods/Target Support Files/Pods-BrejasTests/Pods-BrejasTests.debug.xcconfig"; sourceTree = "<group>"; };
		58F0FBD27BC0971FFD5E7466 /* Pods-Brejas.release.xcconfig */ = {isa = PBXFileReference; includeInIndex = 1; lastKnownFileType = text.xcconfig; name = "Pods-Brejas.release.xcconfig"; path = "Pods/Target Support Files/Pods-Brejas/Pods-Brejas.release.xcconfig"; sourceTree = "<group>"; };
		6B4B8735207CFB2D00815A03 /* BeerClient.swift */ = {isa = PBXFileReference; lastKnownFileType = sourcecode.swift; path = BeerClient.swift; sourceTree = "<group>"; };
		6B4B8737207CFB5500815A03 /* RequestHandler.swift */ = {isa = PBXFileReference; lastKnownFileType = sourcecode.swift; path = RequestHandler.swift; sourceTree = "<group>"; };
		6B4B8739207CFB8E00815A03 /* ApiRoutes.swift */ = {isa = PBXFileReference; lastKnownFileType = sourcecode.swift; path = ApiRoutes.swift; sourceTree = "<group>"; };
		6B4B873E207FBD7C00815A03 /* Parser.swift */ = {isa = PBXFileReference; lastKnownFileType = sourcecode.swift; path = Parser.swift; sourceTree = "<group>"; };
		6B4B8740207FC11500815A03 /* Result.swift */ = {isa = PBXFileReference; lastKnownFileType = sourcecode.swift; path = Result.swift; sourceTree = "<group>"; };
		70A3C4623133BDD8857494FD /* Pods-Brejas.debug.xcconfig */ = {isa = PBXFileReference; includeInIndex = 1; lastKnownFileType = text.xcconfig; name = "Pods-Brejas.debug.xcconfig"; path = "Pods/Target Support Files/Pods-Brejas/Pods-Brejas.debug.xcconfig"; sourceTree = "<group>"; };
		7B5222AD1F067DC700F35368 /* Brejas.app */ = {isa = PBXFileReference; explicitFileType = wrapper.application; includeInIndex = 0; path = Brejas.app; sourceTree = BUILT_PRODUCTS_DIR; };
		7B5222B01F067DC700F35368 /* AppDelegate.swift */ = {isa = PBXFileReference; lastKnownFileType = sourcecode.swift; path = AppDelegate.swift; sourceTree = "<group>"; };
		7B5222B71F067DC700F35368 /* Assets.xcassets */ = {isa = PBXFileReference; lastKnownFileType = folder.assetcatalog; path = Assets.xcassets; sourceTree = "<group>"; };
		7B5222BA1F067DC700F35368 /* Base */ = {isa = PBXFileReference; lastKnownFileType = file.storyboard; name = Base; path = Base.lproj/LaunchScreen.storyboard; sourceTree = "<group>"; };
		7B5222BC1F067DC700F35368 /* Info.plist */ = {isa = PBXFileReference; lastKnownFileType = text.plist.xml; path = Info.plist; sourceTree = "<group>"; };
		7B5222C11F067DC800F35368 /* BrejasTests.xctest */ = {isa = PBXFileReference; explicitFileType = wrapper.cfbundle; includeInIndex = 0; path = BrejasTests.xctest; sourceTree = BUILT_PRODUCTS_DIR; };
		7B5222C71F067DC800F35368 /* Info.plist */ = {isa = PBXFileReference; lastKnownFileType = text.plist.xml; path = Info.plist; sourceTree = "<group>"; };
		7B5222CC1F067DC800F35368 /* BrejasUITests.xctest */ = {isa = PBXFileReference; explicitFileType = wrapper.cfbundle; includeInIndex = 0; path = BrejasUITests.xctest; sourceTree = BUILT_PRODUCTS_DIR; };
		7B5222D01F067DC800F35368 /* BrejasUITests.swift */ = {isa = PBXFileReference; lastKnownFileType = sourcecode.swift; path = BrejasUITests.swift; sourceTree = "<group>"; };
		7B5222D21F067DC800F35368 /* Info.plist */ = {isa = PBXFileReference; lastKnownFileType = text.plist.xml; path = Info.plist; sourceTree = "<group>"; };
		7B5222EC1F068A7300F35368 /* ViewCodingProtocol.swift */ = {isa = PBXFileReference; fileEncoding = 4; lastKnownFileType = sourcecode.swift; path = ViewCodingProtocol.swift; sourceTree = "<group>"; };
		7BB02AF61F09C5A300136EA1 /* BeerMock.json */ = {isa = PBXFileReference; fileEncoding = 4; lastKnownFileType = text.json; path = BeerMock.json; sourceTree = "<group>"; };
		7BB02AF81F09C6A200136EA1 /* ErrorResultSpec.swift */ = {isa = PBXFileReference; fileEncoding = 4; lastKnownFileType = sourcecode.swift; path = ErrorResultSpec.swift; sourceTree = "<group>"; };
		7BB02AFA1F09C7A900136EA1 /* BeersCollectionViewDataSourceDelegateSpec.swift */ = {isa = PBXFileReference; fileEncoding = 4; lastKnownFileType = sourcecode.swift; path = BeersCollectionViewDataSourceDelegateSpec.swift; sourceTree = "<group>"; };
		7BB02AFC1F09E79F00136EA1 /* BeersScreenBuilderSpec.swift */ = {isa = PBXFileReference; fileEncoding = 4; lastKnownFileType = sourcecode.swift; path = BeersScreenBuilderSpec.swift; sourceTree = "<group>"; };
		7BB02AFE1F09EA1C00136EA1 /* BillListControllerSpec.swift */ = {isa = PBXFileReference; fileEncoding = 4; lastKnownFileType = sourcecode.swift; path = BillListControllerSpec.swift; sourceTree = "<group>"; };
		7BC169AC1F0693DB00E682DC /* ApiClient.swift */ = {isa = PBXFileReference; fileEncoding = 4; lastKnownFileType = sourcecode.swift; path = ApiClient.swift; sourceTree = "<group>"; };
		7BC169B01F069A0B00E682DC /* BeerModel.swift */ = {isa = PBXFileReference; fileEncoding = 4; lastKnownFileType = sourcecode.swift; path = BeerModel.swift; sourceTree = "<group>"; };
		7BD402B31F093A8D009C79E4 /* BeersCollectionView.swift */ = {isa = PBXFileReference; fileEncoding = 4; lastKnownFileType = sourcecode.swift; path = BeersCollectionView.swift; sourceTree = "<group>"; };
		7BD402B51F093B73009C79E4 /* BeersListController.swift */ = {isa = PBXFileReference; fileEncoding = 4; lastKnownFileType = sourcecode.swift; path = BeersListController.swift; sourceTree = "<group>"; };
		7BD402B71F093C0C009C79E4 /* BeersCollectionViewDataSourceDelegate.swift */ = {isa = PBXFileReference; fileEncoding = 4; lastKnownFileType = sourcecode.swift; path = BeersCollectionViewDataSourceDelegate.swift; sourceTree = "<group>"; };
		7BD402B91F0940B2009C79E4 /* BeerCollectionViewCell.swift */ = {isa = PBXFileReference; fileEncoding = 4; lastKnownFileType = sourcecode.swift; path = BeerCollectionViewCell.swift; sourceTree = "<group>"; };
		7BD402BB1F094E12009C79E4 /* BeersScreenBuilder.swift */ = {isa = PBXFileReference; fileEncoding = 4; lastKnownFileType = sourcecode.swift; path = BeersScreenBuilder.swift; sourceTree = "<group>"; };
		7BD402BD1F095AAB009C79E4 /* EnvironmentSetting.swift */ = {isa = PBXFileReference; fileEncoding = 4; lastKnownFileType = sourcecode.swift; path = EnvironmentSetting.swift; sourceTree = "<group>"; };
		7BD402C21F096E5F009C79E4 /* LoadingView.swift */ = {isa = PBXFileReference; fileEncoding = 4; lastKnownFileType = sourcecode.swift; path = LoadingView.swift; sourceTree = "<group>"; };
		7BD402C41F096FFD009C79E4 /* LoadingView+UIViewController.swift */ = {isa = PBXFileReference; fileEncoding = 4; lastKnownFileType = sourcecode.swift; path = "LoadingView+UIViewController.swift"; sourceTree = "<group>"; };
		7BD402C71F0979D8009C79E4 /* BeerDetailController.swift */ = {isa = PBXFileReference; fileEncoding = 4; lastKnownFileType = sourcecode.swift; path = BeerDetailController.swift; sourceTree = "<group>"; };
		7BD402C91F097B83009C79E4 /* BeerDetailView.swift */ = {isa = PBXFileReference; fileEncoding = 4; lastKnownFileType = sourcecode.swift; path = BeerDetailView.swift; sourceTree = "<group>"; };
		7BD402CB1F09A86F009C79E4 /* JsonHelper.swift */ = {isa = PBXFileReference; fileEncoding = 4; lastKnownFileType = sourcecode.swift; path = JsonHelper.swift; sourceTree = "<group>"; };
		7BD402CD1F09AAF3009C79E4 /* ResponseMock.json */ = {isa = PBXFileReference; fileEncoding = 4; lastKnownFileType = text.json; path = ResponseMock.json; sourceTree = "<group>"; };
		7BD402CF1F09AC5E009C79E4 /* BeerModelSpec.swift */ = {isa = PBXFileReference; fileEncoding = 4; lastKnownFileType = sourcecode.swift; path = BeerModelSpec.swift; sourceTree = "<group>"; };
		7BE03A411F09B5A9009135AE /* Brejas-Bridging-Header.h */ = {isa = PBXFileReference; fileEncoding = 4; lastKnownFileType = sourcecode.c.h; path = "Brejas-Bridging-Header.h"; sourceTree = "<group>"; };
		7BEE9D5A1F0A71DA00DF3F58 /* UIViewController+ErrorAlert.swift */ = {isa = PBXFileReference; fileEncoding = 4; lastKnownFileType = sourcecode.swift; path = "UIViewController+ErrorAlert.swift"; sourceTree = "<group>"; };
		7BEE9D5C1F0A760C00DF3F58 /* BeerDetailControllerSpec.swift */ = {isa = PBXFileReference; fileEncoding = 4; lastKnownFileType = sourcecode.swift; path = BeerDetailControllerSpec.swift; sourceTree = "<group>"; };
		A76499128A593E651E4FBFFB /* Pods_Brejas.framework */ = {isa = PBXFileReference; explicitFileType = wrapper.framework; includeInIndex = 0; path = Pods_Brejas.framework; sourceTree = BUILT_PRODUCTS_DIR; };
		ADEAD91AFD6812BB526EA1E0 /* Pods_BrejasUITests.framework */ = {isa = PBXFileReference; explicitFileType = wrapper.framework; includeInIndex = 0; path = Pods_BrejasUITests.framework; sourceTree = BUILT_PRODUCTS_DIR; };
		BE194EDE99E5908A63F59C6E /* Pods-BrejasTests.release.xcconfig */ = {isa = PBXFileReference; includeInIndex = 1; lastKnownFileType = text.xcconfig; name = "Pods-BrejasTests.release.xcconfig"; path = "Pods/Target Support Files/Pods-BrejasTests/Pods-BrejasTests.release.xcconfig"; sourceTree = "<group>"; };
		E48E37823CE9906F82BAA2CD /* Pods_BrejasTests.framework */ = {isa = PBXFileReference; explicitFileType = wrapper.framework; includeInIndex = 0; path = Pods_BrejasTests.framework; sourceTree = BUILT_PRODUCTS_DIR; };
		E79E334EE986C55DFB2EA7D5 /* Pods-BrejasUITests.debug.xcconfig */ = {isa = PBXFileReference; includeInIndex = 1; lastKnownFileType = text.xcconfig; name = "Pods-BrejasUITests.debug.xcconfig"; path = "Pods/Target Support Files/Pods-BrejasUITests/Pods-BrejasUITests.debug.xcconfig"; sourceTree = "<group>"; };
/* End PBXFileReference section */

/* Begin PBXFrameworksBuildPhase section */
		7B5222AA1F067DC700F35368 /* Frameworks */ = {
			isa = PBXFrameworksBuildPhase;
			buildActionMask = 2147483647;
			files = (
				7EA177B8D393C63644DAF8B2 /* Pods_Brejas.framework in Frameworks */,
			);
			runOnlyForDeploymentPostprocessing = 0;
		};
		7B5222BE1F067DC800F35368 /* Frameworks */ = {
			isa = PBXFrameworksBuildPhase;
			buildActionMask = 2147483647;
			files = (
				EF3ED8B63AD3F201C767EF30 /* Pods_BrejasTests.framework in Frameworks */,
			);
			runOnlyForDeploymentPostprocessing = 0;
		};
		7B5222C91F067DC800F35368 /* Frameworks */ = {
			isa = PBXFrameworksBuildPhase;
			buildActionMask = 2147483647;
			files = (
				38909F899B020C568350B579 /* Pods_BrejasUITests.framework in Frameworks */,
			);
			runOnlyForDeploymentPostprocessing = 0;
		};
/* End PBXFrameworksBuildPhase section */

/* Begin PBXGroup section */
		7B5222A41F067DC700F35368 = {
			isa = PBXGroup;
			children = (
				7B5222AF1F067DC700F35368 /* Brejas */,
				7B5222C41F067DC800F35368 /* BrejasTests */,
				7B5222CF1F067DC800F35368 /* BrejasUITests */,
				7B5222AE1F067DC700F35368 /* Products */,
				7BE03A411F09B5A9009135AE /* Brejas-Bridging-Header.h */,
				ED31BB12B2FDE9B42BC7147B /* Pods */,
				E8A7E5D2FD206D8C7979A5C7 /* Frameworks */,
			);
			sourceTree = "<group>";
		};
		7B5222AE1F067DC700F35368 /* Products */ = {
			isa = PBXGroup;
			children = (
				7B5222AD1F067DC700F35368 /* Brejas.app */,
				7B5222C11F067DC800F35368 /* BrejasTests.xctest */,
				7B5222CC1F067DC800F35368 /* BrejasUITests.xctest */,
			);
			name = Products;
			sourceTree = "<group>";
		};
		7B5222AF1F067DC700F35368 /* Brejas */ = {
			isa = PBXGroup;
			children = (
				7BC169AB1F0693C000E682DC /* API */,
				7B5222E41F06810000F35368 /* App */,
				7B5222DE1F06806D00F35368 /* Beers */,
				7B5222E51F06811000F35368 /* Resource */,
				7B5222EB1F068A5400F35368 /* Utils */,
			);
			path = Brejas;
			sourceTree = "<group>";
		};
		7B5222C41F067DC800F35368 /* BrejasTests */ = {
			isa = PBXGroup;
			children = (
				7BEE9D5C1F0A760C00DF3F58 /* BeerDetailControllerSpec.swift */,
				7BB02AF61F09C5A300136EA1 /* BeerMock.json */,
				7BD402CF1F09AC5E009C79E4 /* BeerModelSpec.swift */,
				7BB02AFA1F09C7A900136EA1 /* BeersCollectionViewDataSourceDelegateSpec.swift */,
				7BB02AFC1F09E79F00136EA1 /* BeersScreenBuilderSpec.swift */,
				7BB02AFE1F09EA1C00136EA1 /* BillListControllerSpec.swift */,
				7BB02AF81F09C6A200136EA1 /* ErrorResultSpec.swift */,
				7B5222C71F067DC800F35368 /* Info.plist */,
				7BD402CD1F09AAF3009C79E4 /* ResponseMock.json */,
			);
			path = BrejasTests;
			sourceTree = "<group>";
		};
		7B5222CF1F067DC800F35368 /* BrejasUITests */ = {
			isa = PBXGroup;
			children = (
				7B5222D01F067DC800F35368 /* BrejasUITests.swift */,
				7B5222D21F067DC800F35368 /* Info.plist */,
			);
			path = BrejasUITests;
			sourceTree = "<group>";
		};
		7B5222DE1F06806D00F35368 /* Beers */ = {
			isa = PBXGroup;
			children = (
				7B5222DF1F06808700F35368 /* Controller */,
				7B5222E61F0681A300F35368 /* Model */,
				7BC169B91F06B27500E682DC /* View */,
			);
			path = Beers;
			sourceTree = "<group>";
		};
		7B5222DF1F06808700F35368 /* Controller */ = {
			isa = PBXGroup;
			children = (
				7BD402C71F0979D8009C79E4 /* BeerDetailController.swift */,
				7BD402B51F093B73009C79E4 /* BeersListController.swift */,
			);
			path = Controller;
			sourceTree = "<group>";
		};
		7B5222E41F06810000F35368 /* App */ = {
			isa = PBXGroup;
			children = (
				7B5222B01F067DC700F35368 /* AppDelegate.swift */,
				7B5222BC1F067DC700F35368 /* Info.plist */,
			);
			path = App;
			sourceTree = "<group>";
		};
		7B5222E51F06811000F35368 /* Resource */ = {
			isa = PBXGroup;
			children = (
				7B5222B71F067DC700F35368 /* Assets.xcassets */,
				7B5222B91F067DC700F35368 /* LaunchScreen.storyboard */,
			);
			path = Resource;
			sourceTree = "<group>";
		};
		7B5222E61F0681A300F35368 /* Model */ = {
			isa = PBXGroup;
			children = (
				7BC169B01F069A0B00E682DC /* BeerModel.swift */,
				7BD402B71F093C0C009C79E4 /* BeersCollectionViewDataSourceDelegate.swift */,
				7BD402BB1F094E12009C79E4 /* BeersScreenBuilder.swift */,
			);
			path = Model;
			sourceTree = "<group>";
		};
		7B5222EB1F068A5400F35368 /* Utils */ = {
			isa = PBXGroup;
			children = (
				7BD402BD1F095AAB009C79E4 /* EnvironmentSetting.swift */,
				7BD402CB1F09A86F009C79E4 /* JsonHelper.swift */,
				7BD402C41F096FFD009C79E4 /* LoadingView+UIViewController.swift */,
				7BD402C21F096E5F009C79E4 /* LoadingView.swift */,
				7BEE9D5A1F0A71DA00DF3F58 /* UIViewController+ErrorAlert.swift */,
				7B5222EC1F068A7300F35368 /* ViewCodingProtocol.swift */,
			);
			path = Utils;
			sourceTree = "<group>";
		};
		7BC169AB1F0693C000E682DC /* API */ = {
			isa = PBXGroup;
			children = (
				7BC169B41F069E0F00E682DC /* Model */,
			);
			path = API;
			sourceTree = "<group>";
		};
		7BC169B41F069E0F00E682DC /* Model */ = {
			isa = PBXGroup;
			children = (
				7BC169AC1F0693DB00E682DC /* ApiClient.swift */,
				6B4B8735207CFB2D00815A03 /* BeerClient.swift */,
				6B4B8737207CFB5500815A03 /* RequestHandler.swift */,
				6B4B8739207CFB8E00815A03 /* ApiRoutes.swift */,
				6B4B873E207FBD7C00815A03 /* Parser.swift */,
				6B4B8740207FC11500815A03 /* Result.swift */,
			);
			path = Model;
			sourceTree = "<group>";
		};
		7BC169B91F06B27500E682DC /* View */ = {
			isa = PBXGroup;
			children = (
				7BD402B91F0940B2009C79E4 /* BeerCollectionViewCell.swift */,
				7BD402C91F097B83009C79E4 /* BeerDetailView.swift */,
				7BD402B31F093A8D009C79E4 /* BeersCollectionView.swift */,
			);
			path = View;
			sourceTree = "<group>";
		};
		E8A7E5D2FD206D8C7979A5C7 /* Frameworks */ = {
			isa = PBXGroup;
			children = (
				A76499128A593E651E4FBFFB /* Pods_Brejas.framework */,
				E48E37823CE9906F82BAA2CD /* Pods_BrejasTests.framework */,
				ADEAD91AFD6812BB526EA1E0 /* Pods_BrejasUITests.framework */,
			);
			name = Frameworks;
			sourceTree = "<group>";
		};
		ED31BB12B2FDE9B42BC7147B /* Pods */ = {
			isa = PBXGroup;
			children = (
				70A3C4623133BDD8857494FD /* Pods-Brejas.debug.xcconfig */,
				58F0FBD27BC0971FFD5E7466 /* Pods-Brejas.release.xcconfig */,
				1FFC52D07078CF128EF76C56 /* Pods-BrejasTests.debug.xcconfig */,
				BE194EDE99E5908A63F59C6E /* Pods-BrejasTests.release.xcconfig */,
				E79E334EE986C55DFB2EA7D5 /* Pods-BrejasUITests.debug.xcconfig */,
				0DA1C7685BC12222575EE3F4 /* Pods-BrejasUITests.release.xcconfig */,
			);
			name = Pods;
			sourceTree = "<group>";
		};
/* End PBXGroup section */

/* Begin PBXNativeTarget section */
		7B5222AC1F067DC700F35368 /* Brejas */ = {
			isa = PBXNativeTarget;
			buildConfigurationList = 7B5222D51F067DC800F35368 /* Build configuration list for PBXNativeTarget "Brejas" */;
			buildPhases = (
				2455CDA2277D21B0CEB8E10A /* [CP] Check Pods Manifest.lock */,
				7B5222A91F067DC700F35368 /* Sources */,
				7B5222AA1F067DC700F35368 /* Frameworks */,
				7B5222AB1F067DC700F35368 /* Resources */,
				96DB309200FA7748E8D5E693 /* [CP] Embed Pods Frameworks */,
				5D257A7D8A36D5E5DF672967 /* [CP] Copy Pods Resources */,
			);
			buildRules = (
			);
			dependencies = (
			);
			name = Brejas;
			productName = Brejas;
			productReference = 7B5222AD1F067DC700F35368 /* Brejas.app */;
			productType = "com.apple.product-type.application";
		};
		7B5222C01F067DC800F35368 /* BrejasTests */ = {
			isa = PBXNativeTarget;
			buildConfigurationList = 7B5222D81F067DC800F35368 /* Build configuration list for PBXNativeTarget "BrejasTests" */;
			buildPhases = (
				4FF7769B0E31B5A157C4D3DC /* [CP] Check Pods Manifest.lock */,
				7B5222BD1F067DC800F35368 /* Sources */,
				7B5222BE1F067DC800F35368 /* Frameworks */,
				7B5222BF1F067DC800F35368 /* Resources */,
				89F3210A5D94E98E3E625763 /* [CP] Embed Pods Frameworks */,
				294D920542C9E3871535E4EA /* [CP] Copy Pods Resources */,
			);
			buildRules = (
			);
			dependencies = (
				7B5222C31F067DC800F35368 /* PBXTargetDependency */,
			);
			name = BrejasTests;
			productName = BrejasTests;
			productReference = 7B5222C11F067DC800F35368 /* BrejasTests.xctest */;
			productType = "com.apple.product-type.bundle.unit-test";
		};
		7B5222CB1F067DC800F35368 /* BrejasUITests */ = {
			isa = PBXNativeTarget;
			buildConfigurationList = 7B5222DB1F067DC800F35368 /* Build configuration list for PBXNativeTarget "BrejasUITests" */;
			buildPhases = (
				FC028DB07461B8B224C45913 /* [CP] Check Pods Manifest.lock */,
				7B5222C81F067DC800F35368 /* Sources */,
				7B5222C91F067DC800F35368 /* Frameworks */,
				7B5222CA1F067DC800F35368 /* Resources */,
				DD68C9770175A7CDE0CADFAC /* [CP] Embed Pods Frameworks */,
				F2FB5B4EAB216930E877A4EA /* [CP] Copy Pods Resources */,
			);
			buildRules = (
			);
			dependencies = (
				7B5222CE1F067DC800F35368 /* PBXTargetDependency */,
			);
			name = BrejasUITests;
			productName = BrejasUITests;
			productReference = 7B5222CC1F067DC800F35368 /* BrejasUITests.xctest */;
			productType = "com.apple.product-type.bundle.ui-testing";
		};
/* End PBXNativeTarget section */

/* Begin PBXProject section */
		7B5222A51F067DC700F35368 /* Project object */ = {
			isa = PBXProject;
			attributes = {
				LastSwiftUpdateCheck = 0830;
				LastUpgradeCheck = 0930;
				ORGANIZATIONNAME = "Mateus Campos";
				TargetAttributes = {
					7B5222AC1F067DC700F35368 = {
						CreatedOnToolsVersion = 8.3.3;
						DevelopmentTeam = 7H2AHWG667;
						LastSwiftMigration = 0930;
						ProvisioningStyle = Automatic;
					};
					7B5222C01F067DC800F35368 = {
						CreatedOnToolsVersion = 8.3.3;
						DevelopmentTeam = 7H2AHWG667;
						LastSwiftMigration = 0930;
						ProvisioningStyle = Automatic;
						TestTargetID = 7B5222AC1F067DC700F35368;
					};
					7B5222CB1F067DC800F35368 = {
						CreatedOnToolsVersion = 8.3.3;
						DevelopmentTeam = 7H2AHWG667;
						ProvisioningStyle = Automatic;
						TestTargetID = 7B5222AC1F067DC700F35368;
					};
				};
			};
			buildConfigurationList = 7B5222A81F067DC700F35368 /* Build configuration list for PBXProject "Brejas" */;
			compatibilityVersion = "Xcode 3.2";
			developmentRegion = English;
			hasScannedForEncodings = 0;
			knownRegions = (
				en,
				Base,
			);
			mainGroup = 7B5222A41F067DC700F35368;
			productRefGroup = 7B5222AE1F067DC700F35368 /* Products */;
			projectDirPath = "";
			projectRoot = "";
			targets = (
				7B5222AC1F067DC700F35368 /* Brejas */,
				7B5222C01F067DC800F35368 /* BrejasTests */,
				7B5222CB1F067DC800F35368 /* BrejasUITests */,
			);
		};
/* End PBXProject section */

/* Begin PBXResourcesBuildPhase section */
		7B5222AB1F067DC700F35368 /* Resources */ = {
			isa = PBXResourcesBuildPhase;
			buildActionMask = 2147483647;
			files = (
				7B5222BB1F067DC700F35368 /* LaunchScreen.storyboard in Resources */,
				7B5222B81F067DC700F35368 /* Assets.xcassets in Resources */,
			);
			runOnlyForDeploymentPostprocessing = 0;
		};
		7B5222BF1F067DC800F35368 /* Resources */ = {
			isa = PBXResourcesBuildPhase;
			buildActionMask = 2147483647;
			files = (
				7BD402CE1F09AAF3009C79E4 /* ResponseMock.json in Resources */,
				7BB02AF71F09C5A300136EA1 /* BeerMock.json in Resources */,
			);
			runOnlyForDeploymentPostprocessing = 0;
		};
		7B5222CA1F067DC800F35368 /* Resources */ = {
			isa = PBXResourcesBuildPhase;
			buildActionMask = 2147483647;
			files = (
			);
			runOnlyForDeploymentPostprocessing = 0;
		};
/* End PBXResourcesBuildPhase section */

/* Begin PBXShellScriptBuildPhase section */
		2455CDA2277D21B0CEB8E10A /* [CP] Check Pods Manifest.lock */ = {
			isa = PBXShellScriptBuildPhase;
			buildActionMask = 2147483647;
			files = (
			);
			inputPaths = (
			);
			name = "[CP] Check Pods Manifest.lock";
			outputPaths = (
			);
			runOnlyForDeploymentPostprocessing = 0;
			shellPath = /bin/sh;
			shellScript = "diff \"${PODS_PODFILE_DIR_PATH}/Podfile.lock\" \"${PODS_ROOT}/Manifest.lock\" > /dev/null\nif [ $? != 0 ] ; then\n    # print error to STDERR\n    echo \"error: The sandbox is not in sync with the Podfile.lock. Run 'pod install' or update your CocoaPods installation.\" >&2\n    exit 1\nfi\n";
			showEnvVarsInLog = 0;
		};
		294D920542C9E3871535E4EA /* [CP] Copy Pods Resources */ = {
			isa = PBXShellScriptBuildPhase;
			buildActionMask = 2147483647;
			files = (
			);
			inputPaths = (
			);
			name = "[CP] Copy Pods Resources";
			outputPaths = (
			);
			runOnlyForDeploymentPostprocessing = 0;
			shellPath = /bin/sh;
			shellScript = "\"${SRCROOT}/Pods/Target Support Files/Pods-BrejasTests/Pods-BrejasTests-resources.sh\"\n";
			showEnvVarsInLog = 0;
		};
		4FF7769B0E31B5A157C4D3DC /* [CP] Check Pods Manifest.lock */ = {
			isa = PBXShellScriptBuildPhase;
			buildActionMask = 2147483647;
			files = (
			);
			inputPaths = (
			);
			name = "[CP] Check Pods Manifest.lock";
			outputPaths = (
			);
			runOnlyForDeploymentPostprocessing = 0;
			shellPath = /bin/sh;
			shellScript = "diff \"${PODS_PODFILE_DIR_PATH}/Podfile.lock\" \"${PODS_ROOT}/Manifest.lock\" > /dev/null\nif [ $? != 0 ] ; then\n    # print error to STDERR\n    echo \"error: The sandbox is not in sync with the Podfile.lock. Run 'pod install' or update your CocoaPods installation.\" >&2\n    exit 1\nfi\n";
			showEnvVarsInLog = 0;
		};
		5D257A7D8A36D5E5DF672967 /* [CP] Copy Pods Resources */ = {
			isa = PBXShellScriptBuildPhase;
			buildActionMask = 2147483647;
			files = (
			);
			inputPaths = (
			);
			name = "[CP] Copy Pods Resources";
			outputPaths = (
			);
			runOnlyForDeploymentPostprocessing = 0;
			shellPath = /bin/sh;
			shellScript = "\"${SRCROOT}/Pods/Target Support Files/Pods-Brejas/Pods-Brejas-resources.sh\"\n";
			showEnvVarsInLog = 0;
		};
		89F3210A5D94E98E3E625763 /* [CP] Embed Pods Frameworks */ = {
			isa = PBXShellScriptBuildPhase;
			buildActionMask = 2147483647;
			files = (
			);
			inputPaths = (
			);
			name = "[CP] Embed Pods Frameworks";
			outputPaths = (
			);
			runOnlyForDeploymentPostprocessing = 0;
			shellPath = /bin/sh;
			shellScript = "\"${SRCROOT}/Pods/Target Support Files/Pods-BrejasTests/Pods-BrejasTests-frameworks.sh\"\n";
			showEnvVarsInLog = 0;
		};
		96DB309200FA7748E8D5E693 /* [CP] Embed Pods Frameworks */ = {
			isa = PBXShellScriptBuildPhase;
			buildActionMask = 2147483647;
			files = (
			);
			inputPaths = (
			);
			name = "[CP] Embed Pods Frameworks";
			outputPaths = (
			);
			runOnlyForDeploymentPostprocessing = 0;
			shellPath = /bin/sh;
			shellScript = "\"${SRCROOT}/Pods/Target Support Files/Pods-Brejas/Pods-Brejas-frameworks.sh\"\n";
			showEnvVarsInLog = 0;
		};
		DD68C9770175A7CDE0CADFAC /* [CP] Embed Pods Frameworks */ = {
			isa = PBXShellScriptBuildPhase;
			buildActionMask = 2147483647;
			files = (
			);
			inputPaths = (
			);
			name = "[CP] Embed Pods Frameworks";
			outputPaths = (
			);
			runOnlyForDeploymentPostprocessing = 0;
			shellPath = /bin/sh;
			shellScript = "\"${SRCROOT}/Pods/Target Support Files/Pods-BrejasUITests/Pods-BrejasUITests-frameworks.sh\"\n";
			showEnvVarsInLog = 0;
		};
		F2FB5B4EAB216930E877A4EA /* [CP] Copy Pods Resources */ = {
			isa = PBXShellScriptBuildPhase;
			buildActionMask = 2147483647;
			files = (
			);
			inputPaths = (
			);
			name = "[CP] Copy Pods Resources";
			outputPaths = (
			);
			runOnlyForDeploymentPostprocessing = 0;
			shellPath = /bin/sh;
			shellScript = "\"${SRCROOT}/Pods/Target Support Files/Pods-BrejasUITests/Pods-BrejasUITests-resources.sh\"\n";
			showEnvVarsInLog = 0;
		};
		FC028DB07461B8B224C45913 /* [CP] Check Pods Manifest.lock */ = {
			isa = PBXShellScriptBuildPhase;
			buildActionMask = 2147483647;
			files = (
			);
			inputPaths = (
			);
			name = "[CP] Check Pods Manifest.lock";
			outputPaths = (
			);
			runOnlyForDeploymentPostprocessing = 0;
			shellPath = /bin/sh;
			shellScript = "diff \"${PODS_PODFILE_DIR_PATH}/Podfile.lock\" \"${PODS_ROOT}/Manifest.lock\" > /dev/null\nif [ $? != 0 ] ; then\n    # print error to STDERR\n    echo \"error: The sandbox is not in sync with the Podfile.lock. Run 'pod install' or update your CocoaPods installation.\" >&2\n    exit 1\nfi\n";
			showEnvVarsInLog = 0;
		};
/* End PBXShellScriptBuildPhase section */

/* Begin PBXSourcesBuildPhase section */
		7B5222A91F067DC700F35368 /* Sources */ = {
			isa = PBXSourcesBuildPhase;
			buildActionMask = 2147483647;
			files = (
				7BEE9D5B1F0A71DA00DF3F58 /* UIViewController+ErrorAlert.swift in Sources */,
				6B4B873A207CFB8E00815A03 /* ApiRoutes.swift in Sources */,
				7BD402B81F093C0C009C79E4 /* BeersCollectionViewDataSourceDelegate.swift in Sources */,
				7BD402BA1F0940B2009C79E4 /* BeerCollectionViewCell.swift in Sources */,
				7B5222ED1F068A7300F35368 /* ViewCodingProtocol.swift in Sources */,
				7BD402C31F096E5F009C79E4 /* LoadingView.swift in Sources */,
				6B4B8736207CFB2D00815A03 /* BeerClient.swift in Sources */,
				6B4B8738207CFB5500815A03 /* RequestHandler.swift in Sources */,
				7B5222B11F067DC700F35368 /* AppDelegate.swift in Sources */,
				7BD402C61F0978B2009C79E4 /* BeersCollectionView.swift in Sources */,
				7BD402BE1F095AAB009C79E4 /* EnvironmentSetting.swift in Sources */,
				6B4B873F207FBD7C00815A03 /* Parser.swift in Sources */,
				6B4B8741207FC11500815A03 /* Result.swift in Sources */,
				7BD402B61F093B73009C79E4 /* BeersListController.swift in Sources */,
				7BD402C51F096FFD009C79E4 /* LoadingView+UIViewController.swift in Sources */,
				7BD402CA1F097B83009C79E4 /* BeerDetailView.swift in Sources */,
				7BC169AD1F0693DB00E682DC /* ApiClient.swift in Sources */,
				7BD402CC1F09A86F009C79E4 /* JsonHelper.swift in Sources */,
				7BC169B11F069A0B00E682DC /* BeerModel.swift in Sources */,
				7BD402C81F0979D8009C79E4 /* BeerDetailController.swift in Sources */,
				7BD402BC1F094E12009C79E4 /* BeersScreenBuilder.swift in Sources */,
			);
			runOnlyForDeploymentPostprocessing = 0;
		};
		7B5222BD1F067DC800F35368 /* Sources */ = {
			isa = PBXSourcesBuildPhase;
			buildActionMask = 2147483647;
			files = (
				7BB02AFD1F09E79F00136EA1 /* BeersScreenBuilderSpec.swift in Sources */,
				7BEE9D5D1F0A760C00DF3F58 /* BeerDetailControllerSpec.swift in Sources */,
				7BD402D01F09AC5E009C79E4 /* BeerModelSpec.swift in Sources */,
				7BB02AF91F09C6A200136EA1 /* ErrorResultSpec.swift in Sources */,
				7BB02AFB1F09C7A900136EA1 /* BeersCollectionViewDataSourceDelegateSpec.swift in Sources */,
				7BB02AFF1F09EA1C00136EA1 /* BillListControllerSpec.swift in Sources */,
			);
			runOnlyForDeploymentPostprocessing = 0;
		};
		7B5222C81F067DC800F35368 /* Sources */ = {
			isa = PBXSourcesBuildPhase;
			buildActionMask = 2147483647;
			files = (
				7B5222D11F067DC800F35368 /* BrejasUITests.swift in Sources */,
			);
			runOnlyForDeploymentPostprocessing = 0;
		};
/* End PBXSourcesBuildPhase section */

/* Begin PBXTargetDependency section */
		7B5222C31F067DC800F35368 /* PBXTargetDependency */ = {
			isa = PBXTargetDependency;
			target = 7B5222AC1F067DC700F35368 /* Brejas */;
			targetProxy = 7B5222C21F067DC800F35368 /* PBXContainerItemProxy */;
		};
		7B5222CE1F067DC800F35368 /* PBXTargetDependency */ = {
			isa = PBXTargetDependency;
			target = 7B5222AC1F067DC700F35368 /* Brejas */;
			targetProxy = 7B5222CD1F067DC800F35368 /* PBXContainerItemProxy */;
		};
/* End PBXTargetDependency section */

/* Begin PBXVariantGroup section */
		7B5222B91F067DC700F35368 /* LaunchScreen.storyboard */ = {
			isa = PBXVariantGroup;
			children = (
				7B5222BA1F067DC700F35368 /* Base */,
			);
			name = LaunchScreen.storyboard;
			path = .;
			sourceTree = "<group>";
		};
/* End PBXVariantGroup section */

/* Begin XCBuildConfiguration section */
		7B5222D31F067DC800F35368 /* Debug */ = {
			isa = XCBuildConfiguration;
			buildSettings = {
				ALWAYS_EMBED_SWIFT_STANDARD_LIBRARIES = "$(inherited)";
				ALWAYS_SEARCH_USER_PATHS = NO;
				BASE_URL = "https://api.punkapi.com/v2/";
				CLANG_ANALYZER_NONNULL = YES;
				CLANG_ANALYZER_NUMBER_OBJECT_CONVERSION = YES_AGGRESSIVE;
				CLANG_CXX_LANGUAGE_STANDARD = "gnu++0x";
				CLANG_CXX_LIBRARY = "libc++";
				CLANG_ENABLE_MODULES = YES;
				CLANG_ENABLE_OBJC_ARC = YES;
				CLANG_WARN_BLOCK_CAPTURE_AUTORELEASING = YES;
				CLANG_WARN_BOOL_CONVERSION = YES;
				CLANG_WARN_COMMA = YES;
				CLANG_WARN_CONSTANT_CONVERSION = YES;
				CLANG_WARN_DEPRECATED_OBJC_IMPLEMENTATIONS = YES;
				CLANG_WARN_DIRECT_OBJC_ISA_USAGE = YES_ERROR;
				CLANG_WARN_DOCUMENTATION_COMMENTS = YES;
				CLANG_WARN_EMPTY_BODY = YES;
				CLANG_WARN_ENUM_CONVERSION = YES;
				CLANG_WARN_INFINITE_RECURSION = YES;
				CLANG_WARN_INT_CONVERSION = YES;
				CLANG_WARN_NON_LITERAL_NULL_CONVERSION = YES;
				CLANG_WARN_OBJC_IMPLICIT_RETAIN_SELF = YES;
				CLANG_WARN_OBJC_LITERAL_CONVERSION = YES;
				CLANG_WARN_OBJC_ROOT_CLASS = YES_ERROR;
				CLANG_WARN_RANGE_LOOP_ANALYSIS = YES;
				CLANG_WARN_STRICT_PROTOTYPES = YES;
				CLANG_WARN_SUSPICIOUS_MOVE = YES;
				CLANG_WARN_UNREACHABLE_CODE = YES;
				CLANG_WARN__DUPLICATE_METHOD_MATCH = YES;
				"CODE_SIGN_IDENTITY[sdk=iphoneos*]" = "iPhone Developer";
				COPY_PHASE_STRIP = NO;
				DEBUG_INFORMATION_FORMAT = dwarf;
				ENABLE_STRICT_OBJC_MSGSEND = YES;
				ENABLE_TESTABILITY = YES;
				GCC_C_LANGUAGE_STANDARD = gnu99;
				GCC_DYNAMIC_NO_PIC = NO;
				GCC_NO_COMMON_BLOCKS = YES;
				GCC_OPTIMIZATION_LEVEL = 0;
				GCC_PREPROCESSOR_DEFINITIONS = (
					"DEBUG=1",
					"$(inherited)",
				);
				GCC_WARN_64_TO_32_BIT_CONVERSION = YES;
				GCC_WARN_ABOUT_RETURN_TYPE = YES_ERROR;
				GCC_WARN_UNDECLARED_SELECTOR = YES;
				GCC_WARN_UNINITIALIZED_AUTOS = YES_AGGRESSIVE;
				GCC_WARN_UNUSED_FUNCTION = YES;
				GCC_WARN_UNUSED_VARIABLE = YES;
				IPHONEOS_DEPLOYMENT_TARGET = 10.3;
				MTL_ENABLE_DEBUG_INFO = YES;
				ONLY_ACTIVE_ARCH = YES;
				SDKROOT = iphoneos;
				SWIFT_ACTIVE_COMPILATION_CONDITIONS = DEBUG;
				SWIFT_OBJC_BRIDGING_HEADER = "Brejas-Bridging-Header.h";
				SWIFT_OPTIMIZATION_LEVEL = "-Onone";
			};
			name = Debug;
		};
		7B5222D41F067DC800F35368 /* Release */ = {
			isa = XCBuildConfiguration;
			buildSettings = {
				ALWAYS_EMBED_SWIFT_STANDARD_LIBRARIES = "$(inherited)";
				ALWAYS_SEARCH_USER_PATHS = NO;
				BASE_URL = "https://api.punkapi.com/v2/";
				CLANG_ANALYZER_NONNULL = YES;
				CLANG_ANALYZER_NUMBER_OBJECT_CONVERSION = YES_AGGRESSIVE;
				CLANG_CXX_LANGUAGE_STANDARD = "gnu++0x";
				CLANG_CXX_LIBRARY = "libc++";
				CLANG_ENABLE_MODULES = YES;
				CLANG_ENABLE_OBJC_ARC = YES;
				CLANG_WARN_BLOCK_CAPTURE_AUTORELEASING = YES;
				CLANG_WARN_BOOL_CONVERSION = YES;
				CLANG_WARN_COMMA = YES;
				CLANG_WARN_CONSTANT_CONVERSION = YES;
				CLANG_WARN_DEPRECATED_OBJC_IMPLEMENTATIONS = YES;
				CLANG_WARN_DIRECT_OBJC_ISA_USAGE = YES_ERROR;
				CLANG_WARN_DOCUMENTATION_COMMENTS = YES;
				CLANG_WARN_EMPTY_BODY = YES;
				CLANG_WARN_ENUM_CONVERSION = YES;
				CLANG_WARN_INFINITE_RECURSION = YES;
				CLANG_WARN_INT_CONVERSION = YES;
				CLANG_WARN_NON_LITERAL_NULL_CONVERSION = YES;
				CLANG_WARN_OBJC_IMPLICIT_RETAIN_SELF = YES;
				CLANG_WARN_OBJC_LITERAL_CONVERSION = YES;
				CLANG_WARN_OBJC_ROOT_CLASS = YES_ERROR;
				CLANG_WARN_RANGE_LOOP_ANALYSIS = YES;
				CLANG_WARN_STRICT_PROTOTYPES = YES;
				CLANG_WARN_SUSPICIOUS_MOVE = YES;
				CLANG_WARN_UNREACHABLE_CODE = YES;
				CLANG_WARN__DUPLICATE_METHOD_MATCH = YES;
				"CODE_SIGN_IDENTITY[sdk=iphoneos*]" = "iPhone Developer";
				COPY_PHASE_STRIP = NO;
				DEBUG_INFORMATION_FORMAT = "dwarf-with-dsym";
				ENABLE_NS_ASSERTIONS = NO;
				ENABLE_STRICT_OBJC_MSGSEND = YES;
				GCC_C_LANGUAGE_STANDARD = gnu99;
				GCC_NO_COMMON_BLOCKS = YES;
				GCC_WARN_64_TO_32_BIT_CONVERSION = YES;
				GCC_WARN_ABOUT_RETURN_TYPE = YES_ERROR;
				GCC_WARN_UNDECLARED_SELECTOR = YES;
				GCC_WARN_UNINITIALIZED_AUTOS = YES_AGGRESSIVE;
				GCC_WARN_UNUSED_FUNCTION = YES;
				GCC_WARN_UNUSED_VARIABLE = YES;
				IPHONEOS_DEPLOYMENT_TARGET = 10.3;
				MTL_ENABLE_DEBUG_INFO = NO;
				SDKROOT = iphoneos;
				SWIFT_OBJC_BRIDGING_HEADER = "Brejas-Bridging-Header.h";
				SWIFT_OPTIMIZATION_LEVEL = "-Owholemodule";
				VALIDATE_PRODUCT = YES;
			};
			name = Release;
		};
		7B5222D61F067DC800F35368 /* Debug */ = {
			isa = XCBuildConfiguration;
			baseConfigurationReference = 70A3C4623133BDD8857494FD /* Pods-Brejas.debug.xcconfig */;
			buildSettings = {
				ALWAYS_EMBED_SWIFT_STANDARD_LIBRARIES = "$(inherited)";
				ASSETCATALOG_COMPILER_APPICON_NAME = AppIcon;
				DEVELOPMENT_TEAM = 7H2AHWG667;
				INFOPLIST_FILE = Brejas/App/Info.plist;
				LD_RUNPATH_SEARCH_PATHS = "$(inherited) @executable_path/Frameworks";
				PRODUCT_BUNDLE_IDENTIFIER = "Mateus-Campos.Brejas";
				PRODUCT_NAME = "$(TARGET_NAME)";
				SWIFT_SWIFT3_OBJC_INFERENCE = On;
				SWIFT_VERSION = 4.0;
			};
			name = Debug;
		};
		7B5222D71F067DC800F35368 /* Release */ = {
			isa = XCBuildConfiguration;
			baseConfigurationReference = 58F0FBD27BC0971FFD5E7466 /* Pods-Brejas.release.xcconfig */;
			buildSettings = {
				ALWAYS_EMBED_SWIFT_STANDARD_LIBRARIES = "$(inherited)";
				ASSETCATALOG_COMPILER_APPICON_NAME = AppIcon;
				DEVELOPMENT_TEAM = 7H2AHWG667;
				INFOPLIST_FILE = Brejas/App/Info.plist;
				LD_RUNPATH_SEARCH_PATHS = "$(inherited) @executable_path/Frameworks";
				PRODUCT_BUNDLE_IDENTIFIER = "Mateus-Campos.Brejas";
				PRODUCT_NAME = "$(TARGET_NAME)";
				SWIFT_SWIFT3_OBJC_INFERENCE = On;
				SWIFT_VERSION = 4.0;
			};
			name = Release;
		};
		7B5222D91F067DC800F35368 /* Debug */ = {
			isa = XCBuildConfiguration;
			baseConfigurationReference = 1FFC52D07078CF128EF76C56 /* Pods-BrejasTests.debug.xcconfig */;
			buildSettings = {
				ALWAYS_EMBED_SWIFT_STANDARD_LIBRARIES = "$(inherited)";
				BUNDLE_LOADER = "$(TEST_HOST)";
				DEVELOPMENT_TEAM = 7H2AHWG667;
				INFOPLIST_FILE = BrejasTests/Info.plist;
				LD_RUNPATH_SEARCH_PATHS = "$(inherited) @executable_path/Frameworks @loader_path/Frameworks";
				PRODUCT_BUNDLE_IDENTIFIER = "Mateus-Campos.BrejasTests";
				PRODUCT_NAME = "$(TARGET_NAME)";
				SWIFT_SWIFT3_OBJC_INFERENCE = On;
				SWIFT_VERSION = 4.0;
				TEST_HOST = "$(BUILT_PRODUCTS_DIR)/Brejas.app/Brejas";
			};
			name = Debug;
		};
		7B5222DA1F067DC800F35368 /* Release */ = {
			isa = XCBuildConfiguration;
			baseConfigurationReference = BE194EDE99E5908A63F59C6E /* Pods-BrejasTests.release.xcconfig */;
			buildSettings = {
				ALWAYS_EMBED_SWIFT_STANDARD_LIBRARIES = "$(inherited)";
				BUNDLE_LOADER = "$(TEST_HOST)";
				DEVELOPMENT_TEAM = 7H2AHWG667;
				INFOPLIST_FILE = BrejasTests/Info.plist;
				LD_RUNPATH_SEARCH_PATHS = "$(inherited) @executable_path/Frameworks @loader_path/Frameworks";
				PRODUCT_BUNDLE_IDENTIFIER = "Mateus-Campos.BrejasTests";
				PRODUCT_NAME = "$(TARGET_NAME)";
				SWIFT_SWIFT3_OBJC_INFERENCE = On;
				SWIFT_VERSION = 4.0;
				TEST_HOST = "$(BUILT_PRODUCTS_DIR)/Brejas.app/Brejas";
			};
			name = Release;
		};
		7B5222DC1F067DC800F35368 /* Debug */ = {
			isa = XCBuildConfiguration;
			baseConfigurationReference = E79E334EE986C55DFB2EA7D5 /* Pods-BrejasUITests.debug.xcconfig */;
			buildSettings = {
				ALWAYS_EMBED_SWIFT_STANDARD_LIBRARIES = "$(inherited)";
				DEVELOPMENT_TEAM = 7H2AHWG667;
				INFOPLIST_FILE = BrejasUITests/Info.plist;
				LD_RUNPATH_SEARCH_PATHS = "$(inherited) @executable_path/Frameworks @loader_path/Frameworks";
				PRODUCT_BUNDLE_IDENTIFIER = "Mateus-Campos.BrejasUITests";
				PRODUCT_NAME = "$(TARGET_NAME)";
				SWIFT_VERSION = 4.0;
				TEST_TARGET_NAME = Brejas;
			};
			name = Debug;
		};
		7B5222DD1F067DC800F35368 /* Release */ = {
			isa = XCBuildConfiguration;
			baseConfigurationReference = 0DA1C7685BC12222575EE3F4 /* Pods-BrejasUITests.release.xcconfig */;
			buildSettings = {
				ALWAYS_EMBED_SWIFT_STANDARD_LIBRARIES = "$(inherited)";
				DEVELOPMENT_TEAM = 7H2AHWG667;
				INFOPLIST_FILE = BrejasUITests/Info.plist;
				LD_RUNPATH_SEARCH_PATHS = "$(inherited) @executable_path/Frameworks @loader_path/Frameworks";
				PRODUCT_BUNDLE_IDENTIFIER = "Mateus-Campos.BrejasUITests";
				PRODUCT_NAME = "$(TARGET_NAME)";
				SWIFT_VERSION = 4.0;
				TEST_TARGET_NAME = Brejas;
			};
			name = Release;
		};
/* End XCBuildConfiguration section */

/* Begin XCConfigurationList section */
		7B5222A81F067DC700F35368 /* Build configuration list for PBXProject "Brejas" */ = {
			isa = XCConfigurationList;
			buildConfigurations = (
				7B5222D31F067DC800F35368 /* Debug */,
				7B5222D41F067DC800F35368 /* Release */,
			);
			defaultConfigurationIsVisible = 0;
			defaultConfigurationName = Release;
		};
		7B5222D51F067DC800F35368 /* Build configuration list for PBXNativeTarget "Brejas" */ = {
			isa = XCConfigurationList;
			buildConfigurations = (
				7B5222D61F067DC800F35368 /* Debug */,
				7B5222D71F067DC800F35368 /* Release */,
			);
			defaultConfigurationIsVisible = 0;
			defaultConfigurationName = Release;
		};
		7B5222D81F067DC800F35368 /* Build configuration list for PBXNativeTarget "BrejasTests" */ = {
			isa = XCConfigurationList;
			buildConfigurations = (
				7B5222D91F067DC800F35368 /* Debug */,
				7B5222DA1F067DC800F35368 /* Release */,
			);
			defaultConfigurationIsVisible = 0;
			defaultConfigurationName = Release;
		};
		7B5222DB1F067DC800F35368 /* Build configuration list for PBXNativeTarget "BrejasUITests" */ = {
			isa = XCConfigurationList;
			buildConfigurations = (
				7B5222DC1F067DC800F35368 /* Debug */,
				7B5222DD1F067DC800F35368 /* Release */,
			);
			defaultConfigurationIsVisible = 0;
			defaultConfigurationName = Release;
		};
/* End XCConfigurationList section */
	};
	rootObject = 7B5222A51F067DC700F35368 /* Project object */;
}
